
Microsoft Visual Studio Solution File, Format Version 12.00
# Visual Studio Version 17
VisualStudioVersion = 17.7.34031.279
MinimumVisualStudioVersion = 10.0.40219.1
Project("{FAE04EC0-301F-11D3-BF4B-00C04F79EFBC}") = "HomeWork_Net_N3V3", "HomeWork_Net_N3V3\HomeWork_Net_N3V3.csproj", "{C394AC9F-EA44-4D8E-8CEA-A0903D0931E3}"
EndProject
Global
	GlobalSection(SolutionConfigurationPlatforms) = preSolution
		Debug|Any CPU = Debug|Any CPU
		Release|Any CPU = Release|Any CPU
	EndGlobalSection
	GlobalSection(ProjectConfigurationPlatforms) = postSolution
		{C394AC9F-EA44-4D8E-8CEA-A0903D0931E3}.Debug|Any CPU.ActiveCfg = Debug|Any CPU
		{C394AC9F-EA44-4D8E-8CEA-A0903D0931E3}.Debug|Any CPU.Build.0 = Debug|Any CPU
		{C394AC9F-EA44-4D8E-8CEA-A0903D0931E3}.Release|Any CPU.ActiveCfg = Release|Any CPU
		{C394AC9F-EA44-4D8E-8CEA-A0903D0931E3}.Release|Any CPU.Build.0 = Release|Any CPU
	EndGlobalSection
	GlobalSection(SolutionProperties) = preSolution
		HideSolutionNode = FALSE
	EndGlobalSection
	GlobalSection(ExtensibilityGlobals) = postSolution
		SolutionGuid = {1E8C5B4E-A912-4B7E-827D-111D88B218ED}
	EndGlobalSection
EndGlobal
